
Microsoft Visual Studio Solution File, Format Version 12.00
Project("{FAE04EC0-301F-11D3-BF4B-00C04F79EFBC}") = "PRN232.Lab2.CoffeeStore.API", "PRN232.Lab2.CoffeeStore.API\PRN232.Lab2.CoffeeStore.API.csproj", "{1476A15E-5327-4BC3-8949-60C09451780C}"
EndProject
Project("{FAE04EC0-301F-11D3-BF4B-00C04F79EFBC}") = "PRN232.Lab2.CoffeeStore.Services", "PRN232.Lab2.CoffeeStore.Services\PRN232.Lab2.CoffeeStore.Services.csproj", "{93160DBB-8959-4A42-9881-67063E467A9A}"
EndProject
Project("{FAE04EC0-301F-11D3-BF4B-00C04F79EFBC}") = "PRN232.Lab2.CoffeeStore.Repositories", "PRN232.Lab2.CoffeeStore.Repositories\PRN232.Lab2.CoffeeStore.Repositories.csproj", "{B953581D-63CD-4939-9128-AD2DC568CB5E}"
EndProject
Global
	GlobalSection(SolutionConfigurationPlatforms) = preSolution
		Debug|Any CPU = Debug|Any CPU
		Release|Any CPU = Release|Any CPU
	EndGlobalSection
	GlobalSection(ProjectConfigurationPlatforms) = postSolution
		{1476A15E-5327-4BC3-8949-60C09451780C}.Debug|Any CPU.ActiveCfg = Debug|Any CPU
		{1476A15E-5327-4BC3-8949-60C09451780C}.Debug|Any CPU.Build.0 = Debug|Any CPU
		{1476A15E-5327-4BC3-8949-60C09451780C}.Release|Any CPU.ActiveCfg = Release|Any CPU
		{1476A15E-5327-4BC3-8949-60C09451780C}.Release|Any CPU.Build.0 = Release|Any CPU
		{93160DBB-8959-4A42-9881-67063E467A9A}.Debug|Any CPU.ActiveCfg = Debug|Any CPU
		{93160DBB-8959-4A42-9881-67063E467A9A}.Debug|Any CPU.Build.0 = Debug|Any CPU
		{93160DBB-8959-4A42-9881-67063E467A9A}.Release|Any CPU.ActiveCfg = Release|Any CPU
		{93160DBB-8959-4A42-9881-67063E467A9A}.Release|Any CPU.Build.0 = Release|Any CPU
		{B953581D-63CD-4939-9128-AD2DC568CB5E}.Debug|Any CPU.ActiveCfg = Debug|Any CPU
		{B953581D-63CD-4939-9128-AD2DC568CB5E}.Debug|Any CPU.Build.0 = Debug|Any CPU
		{B953581D-63CD-4939-9128-AD2DC568CB5E}.Release|Any CPU.ActiveCfg = Release|Any CPU
		{B953581D-63CD-4939-9128-AD2DC568CB5E}.Release|Any CPU.Build.0 = Release|Any CPU
	EndGlobalSection
EndGlobal
